{
  "nodes": {
    "home-manager": {
      "inputs": {
        "nixpkgs": [
          "nixpkgs"
        ]
      },
      "locked": {
        "lastModified": 1742655702,
        "narHash": "sha256-jbqlw4sPArFtNtA1s3kLg7/A4fzP4GLk9bGbtUJg0JQ=",
        "owner": "nix-community",
        "repo": "home-manager",
        "rev": "0948aeedc296f964140d9429223c7e4a0702a1ff",
        "type": "github"
      },
      "original": {
        "owner": "nix-community",
        "ref": "release-24.11",
        "repo": "home-manager",
        "type": "github"
      }
    },
    "nixpkgs": {
      "locked": {
        "lastModified": 1743231893,
        "narHash": "sha256-tpJsHMUPEhEnzySoQxx7+kA+KUtgWqvlcUBqROYNNt0=",
        "owner": "nixos",
        "repo": "nixpkgs",
        "rev": "c570c1f5304493cafe133b8d843c7c1c4a10d3a6",
        "type": "github"
      },
      "original": {
        "owner": "nixos",
        "ref": "nixos-24.11",
        "repo": "nixpkgs",
        "type": "github"
      }
    },
    "root": {
      "inputs": {
        "home-manager": "home-manager",
        "nixpkgs": "nixpkgs"
      }
    }
  },
  "root": "root",
  "version": 7
}
